
Microsoft Visual Studio Solution File, Format Version 12.00
# Visual Studio Version 16
VisualStudioVersion = 16.0.30907.101
MinimumVisualStudioVersion = 10.0.40219.1
Project("{9A19103F-16F7-4668-BE54-9A1E7A4F7556}") = "ClientGrpcService", "ClientGrpcService\ClientGrpcService.csproj", "{EEE49FD7-3D6E-49AD-9F40-8056C7D7DF70}"
EndProject
Project("{2150E333-8FDC-42A3-9474-1A3956D46DE8}") = "ClientMicroService", "ClientMicroService", "{30A163E8-9A76-4156-BBCC-14A5975C9518}"
EndProject
Project("{9A19103F-16F7-4668-BE54-9A1E7A4F7556}") = "ClientWorkerService", "ClientWorkerService\ClientWorkerService.csproj", "{E9B0E897-28D4-47DB-9475-0330B30FF049}"
EndProject
Project("{FAE04EC0-301F-11D3-BF4B-00C04F79EFBC}") = "ClientWebApi2", "ClientWebApi2\ClientWebApi2.csproj", "{0A6734F2-5E0B-471D-9A91-8EFF23ED64DA}"
EndProject
Project("{2150E333-8FDC-42A3-9474-1A3956D46DE8}") = "DocumentMicroService", "DocumentMicroService", "{CC363143-35AD-465D-91D6-2875AB4B2E12}"
EndProject
Project("{FAE04EC0-301F-11D3-BF4B-00C04F79EFBC}") = "DocumentGrpcService", "DocumentGrpcService\DocumentGrpcService.csproj", "{B52F5937-9352-4853-9851-F74C87ED4B06}"
EndProject
Global
	GlobalSection(SolutionConfigurationPlatforms) = preSolution
		Debug|Any CPU = Debug|Any CPU
		Release|Any CPU = Release|Any CPU
	EndGlobalSection
	GlobalSection(ProjectConfigurationPlatforms) = postSolution
		{EEE49FD7-3D6E-49AD-9F40-8056C7D7DF70}.Debug|Any CPU.ActiveCfg = Debug|Any CPU
		{EEE49FD7-3D6E-49AD-9F40-8056C7D7DF70}.Debug|Any CPU.Build.0 = Debug|Any CPU
		{EEE49FD7-3D6E-49AD-9F40-8056C7D7DF70}.Release|Any CPU.ActiveCfg = Release|Any CPU
		{EEE49FD7-3D6E-49AD-9F40-8056C7D7DF70}.Release|Any CPU.Build.0 = Release|Any CPU
		{E9B0E897-28D4-47DB-9475-0330B30FF049}.Debug|Any CPU.ActiveCfg = Debug|Any CPU
		{E9B0E897-28D4-47DB-9475-0330B30FF049}.Debug|Any CPU.Build.0 = Debug|Any CPU
		{E9B0E897-28D4-47DB-9475-0330B30FF049}.Release|Any CPU.ActiveCfg = Release|Any CPU
		{E9B0E897-28D4-47DB-9475-0330B30FF049}.Release|Any CPU.Build.0 = Release|Any CPU
		{0A6734F2-5E0B-471D-9A91-8EFF23ED64DA}.Debug|Any CPU.ActiveCfg = Debug|Any CPU
		{0A6734F2-5E0B-471D-9A91-8EFF23ED64DA}.Debug|Any CPU.Build.0 = Debug|Any CPU
		{0A6734F2-5E0B-471D-9A91-8EFF23ED64DA}.Release|Any CPU.ActiveCfg = Release|Any CPU
		{0A6734F2-5E0B-471D-9A91-8EFF23ED64DA}.Release|Any CPU.Build.0 = Release|Any CPU
		{B52F5937-9352-4853-9851-F74C87ED4B06}.Debug|Any CPU.ActiveCfg = Debug|Any CPU
		{B52F5937-9352-4853-9851-F74C87ED4B06}.Debug|Any CPU.Build.0 = Debug|Any CPU
		{B52F5937-9352-4853-9851-F74C87ED4B06}.Release|Any CPU.ActiveCfg = Release|Any CPU
		{B52F5937-9352-4853-9851-F74C87ED4B06}.Release|Any CPU.Build.0 = Release|Any CPU
	EndGlobalSection
	GlobalSection(SolutionProperties) = preSolution
		HideSolutionNode = FALSE
	EndGlobalSection
	GlobalSection(NestedProjects) = preSolution
		{EEE49FD7-3D6E-49AD-9F40-8056C7D7DF70} = {30A163E8-9A76-4156-BBCC-14A5975C9518}
		{E9B0E897-28D4-47DB-9475-0330B30FF049} = {30A163E8-9A76-4156-BBCC-14A5975C9518}
		{0A6734F2-5E0B-471D-9A91-8EFF23ED64DA} = {30A163E8-9A76-4156-BBCC-14A5975C9518}
		{B52F5937-9352-4853-9851-F74C87ED4B06} = {CC363143-35AD-465D-91D6-2875AB4B2E12}
	EndGlobalSection
	GlobalSection(ExtensibilityGlobals) = postSolution
		SolutionGuid = {47257290-108B-48DD-BF6F-BEC18E077B0B}
	EndGlobalSection
EndGlobal
